PODS:
  - FlutterMacOS (1.0.0)
  - wifi_scan_desktop (0.0.1):
    - FlutterMacOS

DEPENDENCIES:
  - FlutterMacOS (from `Flutter/ephemeral`)
  - wifi_scan_desktop (from `Flutter/ephemeral/.symlinks/plugins/wifi_scan_desktop/macos`)

EXTERNAL SOURCES:
  FlutterMacOS:
    :path: Flutter/ephemeral
  wifi_scan_desktop:
    :path: Flutter/ephemeral/.symlinks/plugins/wifi_scan_desktop/macos

SPEC CHECKSUMS:
  FlutterMacOS: d0db08ddef1a9af05a5ec4b724367152bb0500b1
  wifi_scan_desktop: 717f9c21f36718602bbdbb1c2cc367631fdbba52

PODFILE CHECKSUM: 0d3963a09fc94f580682bd88480486da345dc3f0

COCOAPODS: 1.16.2
